
Microsoft Visual Studio Solution File, Format Version 12.00
# Visual Studio 2012
Project("{FAE04EC0-301F-11D3-BF4B-00C04F79EFBC}") = "LevelEditor", "LevelEditor.csproj", "{3515726F-0388-4222-83DB-BCAD9C829716}"
EndProject
Project("{FAE04EC0-301F-11D3-BF4B-00C04F79EFBC}") = "LevelEditor.Tests", "..\LevelEditor.Tests\LevelEditor.Tests.csproj", "{60DE7305-210E-439F-9234-35F3F6C6528E}"
EndProject
Global
	GlobalSection(SolutionConfigurationPlatforms) = preSolution
		Debug|Any CPU = Debug|Any CPU
		Release|Any CPU = Release|Any CPU
	EndGlobalSection
	GlobalSection(ProjectConfigurationPlatforms) = postSolution
		{3515726F-0388-4222-83DB-BCAD9C829716}.Debug|Any CPU.ActiveCfg = Debug|Any CPU
		{3515726F-0388-4222-83DB-BCAD9C829716}.Debug|Any CPU.Build.0 = Debug|Any CPU
		{3515726F-0388-4222-83DB-BCAD9C829716}.Release|Any CPU.ActiveCfg = Release|Any CPU
		{3515726F-0388-4222-83DB-BCAD9C829716}.Release|Any CPU.Build.0 = Release|Any CPU
		{60DE7305-210E-439F-9234-35F3F6C6528E}.Debug|Any CPU.ActiveCfg = Debug|Any CPU
		{60DE7305-210E-439F-9234-35F3F6C6528E}.Debug|Any CPU.Build.0 = Debug|Any CPU
		{60DE7305-210E-439F-9234-35F3F6C6528E}.Release|Any CPU.ActiveCfg = Release|Any CPU
		{60DE7305-210E-439F-9234-35F3F6C6528E}.Release|Any CPU.Build.0 = Release|Any CPU
	EndGlobalSection
	GlobalSection(SolutionProperties) = preSolution
		HideSolutionNode = FALSE
	EndGlobalSection
EndGlobal
